<Solution>
  <Folder Name="/src/">
    <Project Path="src/Feedpipe.Core/Feedpipe.Core.csproj" />
    <Project Path="src/Feedpipe/Feedpipe.csproj" />
    <Project Path="src/Feedpipe.Worker/Feedpipe.Worker.csproj" />
    <Project Path="src/Feedpipe.Api/Feedpipe.Api.csproj" />
    <Project Path="src/Feedpipe.Cli/Feedpipe.Cli.csproj" />
  </Folder>
  <Folder Name="/tests/">
    <Project Path="tests/Feedpipe.Tests/Feedpipe.Tests.csproj" />
  </Folder>
</Solution>
